
Microsoft Visual Studio Solution File, Format Version 12.00
# Visual Studio Version 16
VisualStudioVersion = 16.0.29424.173
MinimumVisualStudioVersion = 10.0.40219.1
Project("{FAE04EC0-301F-11D3-BF4B-00C04F79EFBC}") = "BankClientTier", "BankClientTier\BankClientTier.csproj", "{C08B2314-BDB4-40EC-8F27-EFC03727A442}"
EndProject
Global
	GlobalSection(SolutionConfigurationPlatforms) = preSolution
		Debug|Any CPU = Debug|Any CPU
		Release|Any CPU = Release|Any CPU
	EndGlobalSection
	GlobalSection(ProjectConfigurationPlatforms) = postSolution
		{C08B2314-BDB4-40EC-8F27-EFC03727A442}.Debug|Any CPU.ActiveCfg = Debug|Any CPU
		{C08B2314-BDB4-40EC-8F27-EFC03727A442}.Debug|Any CPU.Build.0 = Debug|Any CPU
		{C08B2314-BDB4-40EC-8F27-EFC03727A442}.Release|Any CPU.ActiveCfg = Release|Any CPU
		{C08B2314-BDB4-40EC-8F27-EFC03727A442}.Release|Any CPU.Build.0 = Release|Any CPU
	EndGlobalSection
	GlobalSection(SolutionProperties) = preSolution
		HideSolutionNode = FALSE
	EndGlobalSection
	GlobalSection(ExtensibilityGlobals) = postSolution
		SolutionGuid = {C6032F8F-20C0-4329-BC87-481FD1400F7D}
	EndGlobalSection
EndGlobal
