
Microsoft Visual Studio Solution File, Format Version 12.00
# Visual Studio Version 16
VisualStudioVersion = 16.0.29424.173
MinimumVisualStudioVersion = 10.0.40219.1
Project("{FAE04EC0-301F-11D3-BF4B-00C04F79EFBC}") = "BankBizTier", "BankBizTier\BankBizTier.csproj", "{CC03B6FA-F6E1-427A-BEDA-97D6F412F71D}"
EndProject
Global
	GlobalSection(SolutionConfigurationPlatforms) = preSolution
		Debug|Any CPU = Debug|Any CPU
		Release|Any CPU = Release|Any CPU
	EndGlobalSection
	GlobalSection(ProjectConfigurationPlatforms) = postSolution
		{CC03B6FA-F6E1-427A-BEDA-97D6F412F71D}.Debug|Any CPU.ActiveCfg = Debug|Any CPU
		{CC03B6FA-F6E1-427A-BEDA-97D6F412F71D}.Debug|Any CPU.Build.0 = Debug|Any CPU
		{CC03B6FA-F6E1-427A-BEDA-97D6F412F71D}.Release|Any CPU.ActiveCfg = Release|Any CPU
		{CC03B6FA-F6E1-427A-BEDA-97D6F412F71D}.Release|Any CPU.Build.0 = Release|Any CPU
	EndGlobalSection
	GlobalSection(SolutionProperties) = preSolution
		HideSolutionNode = FALSE
	EndGlobalSection
	GlobalSection(ExtensibilityGlobals) = postSolution
		SolutionGuid = {5D23F09E-EC42-4FBC-A3C8-9762556908B6}
	EndGlobalSection
EndGlobal
